
Microsoft Visual Studio Solution File, Format Version 12.00
# Visual Studio 15
VisualStudioVersion = 15.0.28307.1209
MinimumVisualStudioVersion = 10.0.40219.1
Project("{FAE04EC0-301F-11D3-BF4B-00C04F79EFBC}") = "TradingPlatform1", "TradingPlatform1\TradingPlatform1.csproj", "{365E165C-860E-450F-9ABE-CA2F7B24829D}"
EndProject
Global
	GlobalSection(SolutionConfigurationPlatforms) = preSolution
		Debug|Any CPU = Debug|Any CPU
		Release|Any CPU = Release|Any CPU
	EndGlobalSection
	GlobalSection(ProjectConfigurationPlatforms) = postSolution
		{365E165C-860E-450F-9ABE-CA2F7B24829D}.Debug|Any CPU.ActiveCfg = Debug|Any CPU
		{365E165C-860E-450F-9ABE-CA2F7B24829D}.Debug|Any CPU.Build.0 = Debug|Any CPU
		{365E165C-860E-450F-9ABE-CA2F7B24829D}.Release|Any CPU.ActiveCfg = Release|Any CPU
		{365E165C-860E-450F-9ABE-CA2F7B24829D}.Release|Any CPU.Build.0 = Release|Any CPU
	EndGlobalSection
	GlobalSection(SolutionProperties) = preSolution
		HideSolutionNode = FALSE
	EndGlobalSection
	GlobalSection(ExtensibilityGlobals) = postSolution
		SolutionGuid = {9E23348B-9800-4CB2-B5CF-85A6148DA245}
	EndGlobalSection
EndGlobal
